
Microsoft Visual Studio Solution File, Format Version 12.00
# Visual Studio Version 16
VisualStudioVersion = 25.0.1704.3
MinimumVisualStudioVersion = 10.0.40219.1
Project("{FAE04EC0-301F-11D3-BF4B-00C04F79EFBC}") = "01_Train", "Arrays_Exercise\01_Train.csproj", "{C1581C35-8FA7-4006-8B03-98153468661A}"
EndProject
Project("{FAE04EC0-301F-11D3-BF4B-00C04F79EFBC}") = "02_Common_Elements", "02_Common_Elements\02_Common_Elements.csproj", "{E5022AAE-13E5-4840-921C-44A736AC1330}"
EndProject
Project("{FAE04EC0-301F-11D3-BF4B-00C04F79EFBC}") = "03_Zig-Zag_Arrays", "03_Zig-Zag_Arrays\03_Zig-Zag_Arrays.csproj", "{224D084F-F723-4757-9A12-58EA73A0DAAF}"
EndProject
Project("{FAE04EC0-301F-11D3-BF4B-00C04F79EFBC}") = "04_Array_Rotation", "04_Array_Rotation\04_Array_Rotation.csproj", "{8A8A25B0-63FC-4A58-970B-C209A6D6575F}"
EndProject
Project("{FAE04EC0-301F-11D3-BF4B-00C04F79EFBC}") = "05_Top_Integers", "05_Top_Integers\05_Top_Integers.csproj", "{2A36A769-18D4-4D20-953A-7A4C3E65F99A}"
EndProject
Project("{FAE04EC0-301F-11D3-BF4B-00C04F79EFBC}") = "06_Equal_Sum", "06_Equal_Sum\06_Equal_Sum.csproj", "{4E44DBAC-B5EA-4813-B449-81572FC1C557}"
EndProject
Project("{FAE04EC0-301F-11D3-BF4B-00C04F79EFBC}") = "07_Max_Sequence_of_Equal_Elements", "07_Max_Sequence_of_Equal_Elements\07_Max_Sequence_of_Equal_Elements.csproj", "{883D246F-F4DD-421B-B606-6C09A33D9EB4}"
EndProject
Project("{FAE04EC0-301F-11D3-BF4B-00C04F79EFBC}") = "08_Magic_Sum", "08_Magic_Sum\08_Magic_Sum.csproj", "{3C43E0A6-205F-40A3-B2E3-9A06568949A9}"
EndProject
Project("{FAE04EC0-301F-11D3-BF4B-00C04F79EFBC}") = "09_Kamino_Factory", "09_Kamino_Factory\09_Kamino_Factory.csproj", "{48493CFD-3FFA-4C57-9BF5-B30DF9AF6791}"
EndProject
Project("{FAE04EC0-301F-11D3-BF4B-00C04F79EFBC}") = "10_LadyBugs", "10_LadyBugs\10_LadyBugs.csproj", "{5AEDF717-9D71-4164-9186-3A09EBEB539C}"
EndProject
Global
	GlobalSection(SolutionConfigurationPlatforms) = preSolution
		Debug|Any CPU = Debug|Any CPU
		Release|Any CPU = Release|Any CPU
	EndGlobalSection
	GlobalSection(ProjectConfigurationPlatforms) = postSolution
		{C1581C35-8FA7-4006-8B03-98153468661A}.Debug|Any CPU.ActiveCfg = Debug|Any CPU
		{C1581C35-8FA7-4006-8B03-98153468661A}.Debug|Any CPU.Build.0 = Debug|Any CPU
		{C1581C35-8FA7-4006-8B03-98153468661A}.Release|Any CPU.ActiveCfg = Release|Any CPU
		{C1581C35-8FA7-4006-8B03-98153468661A}.Release|Any CPU.Build.0 = Release|Any CPU
		{E5022AAE-13E5-4840-921C-44A736AC1330}.Debug|Any CPU.ActiveCfg = Debug|Any CPU
		{E5022AAE-13E5-4840-921C-44A736AC1330}.Debug|Any CPU.Build.0 = Debug|Any CPU
		{E5022AAE-13E5-4840-921C-44A736AC1330}.Release|Any CPU.ActiveCfg = Release|Any CPU
		{E5022AAE-13E5-4840-921C-44A736AC1330}.Release|Any CPU.Build.0 = Release|Any CPU
		{224D084F-F723-4757-9A12-58EA73A0DAAF}.Debug|Any CPU.ActiveCfg = Debug|Any CPU
		{224D084F-F723-4757-9A12-58EA73A0DAAF}.Debug|Any CPU.Build.0 = Debug|Any CPU
		{224D084F-F723-4757-9A12-58EA73A0DAAF}.Release|Any CPU.ActiveCfg = Release|Any CPU
		{224D084F-F723-4757-9A12-58EA73A0DAAF}.Release|Any CPU.Build.0 = Release|Any CPU
		{8A8A25B0-63FC-4A58-970B-C209A6D6575F}.Debug|Any CPU.ActiveCfg = Debug|Any CPU
		{8A8A25B0-63FC-4A58-970B-C209A6D6575F}.Debug|Any CPU.Build.0 = Debug|Any CPU
		{8A8A25B0-63FC-4A58-970B-C209A6D6575F}.Release|Any CPU.ActiveCfg = Release|Any CPU
		{8A8A25B0-63FC-4A58-970B-C209A6D6575F}.Release|Any CPU.Build.0 = Release|Any CPU
		{2A36A769-18D4-4D20-953A-7A4C3E65F99A}.Debug|Any CPU.ActiveCfg = Debug|Any CPU
		{2A36A769-18D4-4D20-953A-7A4C3E65F99A}.Debug|Any CPU.Build.0 = Debug|Any CPU
		{2A36A769-18D4-4D20-953A-7A4C3E65F99A}.Release|Any CPU.ActiveCfg = Release|Any CPU
		{2A36A769-18D4-4D20-953A-7A4C3E65F99A}.Release|Any CPU.Build.0 = Release|Any CPU
		{4E44DBAC-B5EA-4813-B449-81572FC1C557}.Debug|Any CPU.ActiveCfg = Debug|Any CPU
		{4E44DBAC-B5EA-4813-B449-81572FC1C557}.Debug|Any CPU.Build.0 = Debug|Any CPU
		{4E44DBAC-B5EA-4813-B449-81572FC1C557}.Release|Any CPU.ActiveCfg = Release|Any CPU
		{4E44DBAC-B5EA-4813-B449-81572FC1C557}.Release|Any CPU.Build.0 = Release|Any CPU
		{883D246F-F4DD-421B-B606-6C09A33D9EB4}.Debug|Any CPU.ActiveCfg = Debug|Any CPU
		{883D246F-F4DD-421B-B606-6C09A33D9EB4}.Debug|Any CPU.Build.0 = Debug|Any CPU
		{883D246F-F4DD-421B-B606-6C09A33D9EB4}.Release|Any CPU.ActiveCfg = Release|Any CPU
		{883D246F-F4DD-421B-B606-6C09A33D9EB4}.Release|Any CPU.Build.0 = Release|Any CPU
		{3C43E0A6-205F-40A3-B2E3-9A06568949A9}.Debug|Any CPU.ActiveCfg = Debug|Any CPU
		{3C43E0A6-205F-40A3-B2E3-9A06568949A9}.Debug|Any CPU.Build.0 = Debug|Any CPU
		{3C43E0A6-205F-40A3-B2E3-9A06568949A9}.Release|Any CPU.ActiveCfg = Release|Any CPU
		{3C43E0A6-205F-40A3-B2E3-9A06568949A9}.Release|Any CPU.Build.0 = Release|Any CPU
		{48493CFD-3FFA-4C57-9BF5-B30DF9AF6791}.Debug|Any CPU.ActiveCfg = Debug|Any CPU
		{48493CFD-3FFA-4C57-9BF5-B30DF9AF6791}.Debug|Any CPU.Build.0 = Debug|Any CPU
		{48493CFD-3FFA-4C57-9BF5-B30DF9AF6791}.Release|Any CPU.ActiveCfg = Release|Any CPU
		{48493CFD-3FFA-4C57-9BF5-B30DF9AF6791}.Release|Any CPU.Build.0 = Release|Any CPU
		{5AEDF717-9D71-4164-9186-3A09EBEB539C}.Debug|Any CPU.ActiveCfg = Debug|Any CPU
		{5AEDF717-9D71-4164-9186-3A09EBEB539C}.Debug|Any CPU.Build.0 = Debug|Any CPU
		{5AEDF717-9D71-4164-9186-3A09EBEB539C}.Release|Any CPU.ActiveCfg = Release|Any CPU
		{5AEDF717-9D71-4164-9186-3A09EBEB539C}.Release|Any CPU.Build.0 = Release|Any CPU
	EndGlobalSection
	GlobalSection(SolutionProperties) = preSolution
		HideSolutionNode = FALSE
	EndGlobalSection
	GlobalSection(ExtensibilityGlobals) = postSolution
		SolutionGuid = {6BFDD03E-422D-4721-9730-A3D6805D84CD}
	EndGlobalSection
EndGlobal
